
Microsoft Visual Studio Solution File, Format Version 12.00
# Visual Studio 15
VisualStudioVersion = 15.0.27703.2042
MinimumVisualStudioVersion = 10.0.40219.1
Project("{FAE04EC0-301F-11D3-BF4B-00C04F79EFBC}") = "Playwithkids", "Playwithkids\Playwithkids.csproj", "{CF77F248-B6C9-462E-81E4-D7F153F3D06F}"
EndProject
Global
	GlobalSection(SolutionConfigurationPlatforms) = preSolution
		Debug|Any CPU = Debug|Any CPU
		Release|Any CPU = Release|Any CPU
	EndGlobalSection
	GlobalSection(ProjectConfigurationPlatforms) = postSolution
		{CF77F248-B6C9-462E-81E4-D7F153F3D06F}.Debug|Any CPU.ActiveCfg = Debug|Any CPU
		{CF77F248-B6C9-462E-81E4-D7F153F3D06F}.Debug|Any CPU.Build.0 = Debug|Any CPU
		{CF77F248-B6C9-462E-81E4-D7F153F3D06F}.Release|Any CPU.ActiveCfg = Release|Any CPU
		{CF77F248-B6C9-462E-81E4-D7F153F3D06F}.Release|Any CPU.Build.0 = Release|Any CPU
	EndGlobalSection
	GlobalSection(SolutionProperties) = preSolution
		HideSolutionNode = FALSE
	EndGlobalSection
	GlobalSection(ExtensibilityGlobals) = postSolution
		SolutionGuid = {B90C5189-4C39-427A-B02D-360566A8A771}
	EndGlobalSection
EndGlobal
