
Microsoft Visual Studio Solution File, Format Version 12.00
# Visual Studio 15
VisualStudioVersion = 15.0.27703.2042
MinimumVisualStudioVersion = 10.0.40219.1
Project("{FAE04EC0-301F-11D3-BF4B-00C04F79EFBC}") = "ASPdemo1", "ASPdemo1\ASPdemo1.csproj", "{DA657CAE-C6B0-4AED-BB5E-10AAE81BCED6}"
EndProject
Global
	GlobalSection(SolutionConfigurationPlatforms) = preSolution
		Debug|Any CPU = Debug|Any CPU
		Release|Any CPU = Release|Any CPU
	EndGlobalSection
	GlobalSection(ProjectConfigurationPlatforms) = postSolution
		{DA657CAE-C6B0-4AED-BB5E-10AAE81BCED6}.Debug|Any CPU.ActiveCfg = Debug|Any CPU
		{DA657CAE-C6B0-4AED-BB5E-10AAE81BCED6}.Debug|Any CPU.Build.0 = Debug|Any CPU
		{DA657CAE-C6B0-4AED-BB5E-10AAE81BCED6}.Release|Any CPU.ActiveCfg = Release|Any CPU
		{DA657CAE-C6B0-4AED-BB5E-10AAE81BCED6}.Release|Any CPU.Build.0 = Release|Any CPU
	EndGlobalSection
	GlobalSection(SolutionProperties) = preSolution
		HideSolutionNode = FALSE
	EndGlobalSection
	GlobalSection(ExtensibilityGlobals) = postSolution
		SolutionGuid = {8A07F900-4677-4E65-8B9A-9DFC2DC20DF2}
	EndGlobalSection
EndGlobal
