
Microsoft Visual Studio Solution File, Format Version 12.00
# Visual Studio 15
VisualStudioVersion = 15.0.27703.2042
MinimumVisualStudioVersion = 10.0.40219.1
Project("{FAE04EC0-301F-11D3-BF4B-00C04F79EFBC}") = "LoginDB", "LoginDB\LoginDB.csproj", "{F8AB8155-2CA1-4CED-820E-E1A52A767519}"
EndProject
Global
	GlobalSection(SolutionConfigurationPlatforms) = preSolution
		Debug|Any CPU = Debug|Any CPU
		Release|Any CPU = Release|Any CPU
	EndGlobalSection
	GlobalSection(ProjectConfigurationPlatforms) = postSolution
		{F8AB8155-2CA1-4CED-820E-E1A52A767519}.Debug|Any CPU.ActiveCfg = Debug|Any CPU
		{F8AB8155-2CA1-4CED-820E-E1A52A767519}.Debug|Any CPU.Build.0 = Debug|Any CPU
		{F8AB8155-2CA1-4CED-820E-E1A52A767519}.Release|Any CPU.ActiveCfg = Release|Any CPU
		{F8AB8155-2CA1-4CED-820E-E1A52A767519}.Release|Any CPU.Build.0 = Release|Any CPU
	EndGlobalSection
	GlobalSection(SolutionProperties) = preSolution
		HideSolutionNode = FALSE
	EndGlobalSection
	GlobalSection(ExtensibilityGlobals) = postSolution
		SolutionGuid = {0DB564AC-976D-4F94-BA74-A7434E5DD9D1}
	EndGlobalSection
EndGlobal
