
Microsoft Visual Studio Solution File, Format Version 12.00
# Visual Studio 15
VisualStudioVersion = 15.0.27703.2042
MinimumVisualStudioVersion = 10.0.40219.1
Project("{FAE04EC0-301F-11D3-BF4B-00C04F79EFBC}") = "MyRestaurantDemo", "MyRestaurantDemo\MyRestaurantDemo.csproj", "{D5D1A32D-30DB-4935-9D86-FE2E607058BE}"
EndProject
Global
	GlobalSection(SolutionConfigurationPlatforms) = preSolution
		Debug|Any CPU = Debug|Any CPU
		Release|Any CPU = Release|Any CPU
	EndGlobalSection
	GlobalSection(ProjectConfigurationPlatforms) = postSolution
		{D5D1A32D-30DB-4935-9D86-FE2E607058BE}.Debug|Any CPU.ActiveCfg = Debug|Any CPU
		{D5D1A32D-30DB-4935-9D86-FE2E607058BE}.Debug|Any CPU.Build.0 = Debug|Any CPU
		{D5D1A32D-30DB-4935-9D86-FE2E607058BE}.Release|Any CPU.ActiveCfg = Release|Any CPU
		{D5D1A32D-30DB-4935-9D86-FE2E607058BE}.Release|Any CPU.Build.0 = Release|Any CPU
	EndGlobalSection
	GlobalSection(SolutionProperties) = preSolution
		HideSolutionNode = FALSE
	EndGlobalSection
	GlobalSection(ExtensibilityGlobals) = postSolution
		SolutionGuid = {558070B7-56EB-4BDB-B776-813FC45BE73F}
	EndGlobalSection
EndGlobal
